
Microsoft Visual Studio Solution File, Format Version 12.00
# Visual Studio Version 16
VisualStudioVersion = 16.0.29519.87
MinimumVisualStudioVersion = 10.0.40219.1
Project("{FAE04EC0-301F-11D3-BF4B-00C04F79EFBC}") = "TheHands3D", "TheHands3D\TheHands3D.csproj", "{98E96089-2365-4918-9059-EAC5A4AEA1DC}"
EndProject
Global
	GlobalSection(SolutionConfigurationPlatforms) = preSolution
		Debug|Any CPU = Debug|Any CPU
		Release|Any CPU = Release|Any CPU
	EndGlobalSection
	GlobalSection(ProjectConfigurationPlatforms) = postSolution
		{98E96089-2365-4918-9059-EAC5A4AEA1DC}.Debug|Any CPU.ActiveCfg = Debug|Any CPU
		{98E96089-2365-4918-9059-EAC5A4AEA1DC}.Debug|Any CPU.Build.0 = Debug|Any CPU
		{98E96089-2365-4918-9059-EAC5A4AEA1DC}.Release|Any CPU.ActiveCfg = Release|Any CPU
		{98E96089-2365-4918-9059-EAC5A4AEA1DC}.Release|Any CPU.Build.0 = Release|Any CPU
	EndGlobalSection
	GlobalSection(SolutionProperties) = preSolution
		HideSolutionNode = FALSE
	EndGlobalSection
	GlobalSection(ExtensibilityGlobals) = postSolution
		SolutionGuid = {5DC8D943-564F-4A77-AE1E-E34967F8974B}
	EndGlobalSection
EndGlobal
